<?xml version="1.0" encoding="utf-8"?>
<Project ToolsVersion="4.0" xmlns="http://schemas.microsoft.com/developer/msbuild/2003">
  <ItemGroup>
    <Filter Include="Pliki źródłowe">
      <UniqueIdentifier>{4FC737F1-C7A5-4376-A066-2A32D752A2FF}</UniqueIdentifier>
      <Extensions>cpp;c;cc;cxx;c++;cppm;ixx;def;odl;idl;hpj;bat;asm;asmx</Extensions>
    </Filter>
    <Filter Include="Pliki nagłówkowe">
      <UniqueIdentifier>{93995380-89BD-4b04-88EB-625FBE52EBFB}</UniqueIdentifier>
      <Extensions>h;hh;hpp;hxx;h++;hm;inl;inc;ipp;xsd</Extensions>
    </Filter>
    <Filter Include="Pliki zasobów">
      <UniqueIdentifier>{67DA6AB6-F800-4c08-8B7A-83BB121AAD01}</UniqueIdentifier>
      <Extensions>rc;ico;cur;bmp;dlg;rc2;rct;bin;rgs;gif;jpg;jpeg;jpe;resx;tiff;tif;png;wav;mfcribbon-ms</Extensions>
    </Filter>
    <Filter Include="Pliki źródłowe\compiler">
      <UniqueIdentifier>{34aa48be-e270-4b2c-bcc3-3f0316ad8ffa}</UniqueIdentifier>
    </Filter>
    <Filter Include="Pliki źródłowe\compiler\code_generator">
      <UniqueIdentifier>{6188eb71-d28e-4036-9ee5-d1c0061a3d75}</UniqueIdentifier>
    </Filter>
    <Filter Include="Pliki źródłowe\compiler\tests">
      <UniqueIdentifier>{3572f003-184e-487b-927d-b9adc7afe418}</UniqueIdentifier>
    </Filter>
    <Filter Include="Pliki źródłowe\compiler\others">
      <UniqueIdentifier>{8cca02a1-fb16-46e4-8fbb-75e752baf829}</UniqueIdentifier>
    </Filter>
    <Filter Include="Pliki źródłowe\compiler\symbol_table">
      <UniqueIdentifier>{f216426e-e5ac-45ea-bf31-cd98856a0d4e}</UniqueIdentifier>
    </Filter>
    <Filter Include="Pliki źródłowe\compiler\errors">
      <UniqueIdentifier>{48986ed4-f587-43d0-9a3a-327eb016b125}</UniqueIdentifier>
    </Filter>
  </ItemGroup>
  <ItemGroup>
    <ClCompile Include="compiler\code_generator.c">
      <Filter>Pliki źródłowe\compiler\code_generator</Filter>
    </ClCompile>
    <ClCompile Include="compiler\symbol_table.c">
      <Filter>Pliki źródłowe\compiler\symbol_table</Filter>
    </ClCompile>
  </ItemGroup>
  <ItemGroup>
    <ClInclude Include="compiler\errors.h">
      <Filter>Pliki źródłowe\compiler\errors</Filter>
    </ClInclude>
  </ItemGroup>
  <ItemGroup>
    <None Include="compiler\others\README.md">
      <Filter>Pliki źródłowe\compiler\others</Filter>
    </None>
    <None Include="compiler\tests\error0.imp">
      <Filter>Pliki źródłowe\compiler\tests</Filter>
    </None>
    <None Include="compiler\tests\error1.imp">
      <Filter>Pliki źródłowe\compiler\tests</Filter>
    </None>
    <None Include="compiler\tests\error2.imp">
      <Filter>Pliki źródłowe\compiler\tests</Filter>
    </None>
    <None Include="compiler\tests\error3.imp">
      <Filter>Pliki źródłowe\compiler\tests</Filter>
    </None>
    <None Include="compiler\tests\error4.imp">
      <Filter>Pliki źródłowe\compiler\tests</Filter>
    </None>
    <None Include="compiler\tests\error5.imp">
      <Filter>Pliki źródłowe\compiler\tests</Filter>
    </None>
    <None Include="compiler\tests\error6.imp">
      <Filter>Pliki źródłowe\compiler\tests</Filter>
    </None>
    <None Include="compiler\tests\error7.imp">
      <Filter>Pliki źródłowe\compiler\tests</Filter>
    </None>
    <None Include="compiler\tests\error8.imp">
      <Filter>Pliki źródłowe\compiler\tests</Filter>
    </None>
    <None Include="compiler\tests\program0.imp">
      <Filter>Pliki źródłowe\compiler\tests</Filter>
    </None>
    <None Include="compiler\tests\program0.mr">
      <Filter>Pliki źródłowe\compiler\tests</Filter>
    </None>
    <None Include="compiler\tests\program0ns.imp">
      <Filter>Pliki źródłowe\compiler\tests</Filter>
    </None>
    <None Include="compiler\tests\program0ns.mr">
      <Filter>Pliki źródłowe\compiler\tests</Filter>
    </None>
    <None Include="compiler\tests\program0nsc.mr">
      <Filter>Pliki źródłowe\compiler\tests</Filter>
    </None>
    <None Include="compiler\tests\program0-opt.mr">
      <Filter>Pliki źródłowe\compiler\tests</Filter>
    </None>
    <None Include="compiler\tests\program1.imp">
      <Filter>Pliki źródłowe\compiler\tests</Filter>
    </None>
    <None Include="compiler\tests\program1.mr">
      <Filter>Pliki źródłowe\compiler\tests</Filter>
    </None>
    <None Include="compiler\tests\program2.imp">
      <Filter>Pliki źródłowe\compiler\tests</Filter>
    </None>
    <None Include="compiler\tests\test1">
      <Filter>Pliki źródłowe\compiler\tests</Filter>
    </None>
    <None Include="compiler\tests\test2">
      <Filter>Pliki źródłowe\compiler\tests</Filter>
    </None>
    <None Include="compiler\compiler.l">
      <Filter>Pliki źródłowe\compiler</Filter>
    </None>
    <None Include="compiler\compiler.y">
      <Filter>Pliki źródłowe\compiler</Filter>
    </None>
  </ItemGroup>
  <ItemGroup>
    <Text Include="compiler\others\TODO.txt">
      <Filter>Pliki źródłowe\compiler\others</Filter>
    </Text>
    <Text Include="compiler\tests\gramatyka.txt">
      <Filter>Pliki źródłowe\compiler\tests</Filter>
    </Text>
  </ItemGroup>
</Project>