<?xml version="1.0" encoding="utf-8"?>
<Project ToolsVersion="4.0" xmlns="http://schemas.microsoft.com/developer/msbuild/2003">
  <ItemGroup>
    <Filter Include="Pliki źródłowe">
      <UniqueIdentifier>{4FC737F1-C7A5-4376-A066-2A32D752A2FF}</UniqueIdentifier>
      <Extensions>cpp;c;cc;cxx;c++;cppm;ixx;def;odl;idl;hpj;bat;asm;asmx</Extensions>
    </Filter>
    <Filter Include="Pliki nagłówkowe">
      <UniqueIdentifier>{93995380-89BD-4b04-88EB-625FBE52EBFB}</UniqueIdentifier>
      <Extensions>h;hh;hpp;hxx;h++;hm;inl;inc;ipp;xsd</Extensions>
    </Filter>
    <Filter Include="Pliki zasobów">
      <UniqueIdentifier>{67DA6AB6-F800-4c08-8B7A-83BB121AAD01}</UniqueIdentifier>
      <Extensions>rc;ico;cur;bmp;dlg;rc2;rct;bin;rgs;gif;jpg;jpeg;jpe;resx;tiff;tif;png;wav;mfcribbon-ms</Extensions>
    </Filter>
    <Filter Include="Pliki źródłowe\listy">
      <UniqueIdentifier>{83e8157f-5737-46dc-a3af-fd05503f24fd}</UniqueIdentifier>
    </Filter>
    <Filter Include="Pliki źródłowe\inne">
      <UniqueIdentifier>{bbe0ec8e-d55c-43a5-9267-c5aa4a8ed0ad}</UniqueIdentifier>
    </Filter>
    <Filter Include="Pliki źródłowe\listy\lista1">
      <UniqueIdentifier>{a75d029f-e179-4ab6-9b0c-d9b08541d279}</UniqueIdentifier>
    </Filter>
  </ItemGroup>
  <ItemGroup>
    <ClCompile Include="fa_test.c">
      <Filter>Pliki źródłowe\listy\lista1</Filter>
    </ClCompile>
    <ClCompile Include="kmp.c">
      <Filter>Pliki źródłowe\listy\lista1</Filter>
    </ClCompile>
    <ClCompile Include="fa.c">
      <Filter>Pliki źródłowe\listy\lista1</Filter>
    </ClCompile>
    <ClCompile Include="makefile">
      <Filter>Pliki źródłowe\listy\lista1</Filter>
    </ClCompile>
    <ClCompile Include="command_line_test.c">
      <Filter>Pliki źródłowe\inne</Filter>
    </ClCompile>
    <ClCompile Include="file_test.c">
      <Filter>Pliki źródłowe\inne</Filter>
    </ClCompile>
    <ClCompile Include="string_test.c">
      <Filter>Pliki źródłowe\inne</Filter>
    </ClCompile>
  </ItemGroup>
  <ItemGroup>
    <None Include="README.md">
      <Filter>Pliki źródłowe\listy\lista1</Filter>
    </None>
  </ItemGroup>
  <ItemGroup>
    <Text Include="test.txt">
      <Filter>Pliki źródłowe\listy\lista1</Filter>
    </Text>
  </ItemGroup>
</Project>